
Microsoft Visual Studio Solution File, Format Version 12.00
# Visual Studio Version 16
VisualStudioVersion = 16.0.31729.503
MinimumVisualStudioVersion = 10.0.40219.1
Project("{8BC9CEB8-8B4A-11D0-8D11-00A0C91BC942}") = "Laboratory3", "Laboratory3\Laboratory3.vcxproj", "{EB2BC02D-FF1B-4D50-A6C1-BED1A44E7BBE}"
EndProject
Global
	GlobalSection(SolutionConfigurationPlatforms) = preSolution
		Debug|x64 = Debug|x64
		Debug|x86 = Debug|x86
		Release|x64 = Release|x64
		Release|x86 = Release|x86
	EndGlobalSection
	GlobalSection(ProjectConfigurationPlatforms) = postSolution
		{EB2BC02D-FF1B-4D50-A6C1-BED1A44E7BBE}.Debug|x64.ActiveCfg = Debug|x64
		{EB2BC02D-FF1B-4D50-A6C1-BED1A44E7BBE}.Debug|x64.Build.0 = Debug|x64
		{EB2BC02D-FF1B-4D50-A6C1-BED1A44E7BBE}.Debug|x86.ActiveCfg = Debug|Win32
		{EB2BC02D-FF1B-4D50-A6C1-BED1A44E7BBE}.Debug|x86.Build.0 = Debug|Win32
		{EB2BC02D-FF1B-4D50-A6C1-BED1A44E7BBE}.Release|x64.ActiveCfg = Release|x64
		{EB2BC02D-FF1B-4D50-A6C1-BED1A44E7BBE}.Release|x64.Build.0 = Release|x64
		{EB2BC02D-FF1B-4D50-A6C1-BED1A44E7BBE}.Release|x86.ActiveCfg = Release|Win32
		{EB2BC02D-FF1B-4D50-A6C1-BED1A44E7BBE}.Release|x86.Build.0 = Release|Win32
	EndGlobalSection
	GlobalSection(SolutionProperties) = preSolution
		HideSolutionNode = FALSE
	EndGlobalSection
	GlobalSection(ExtensibilityGlobals) = postSolution
		SolutionGuid = {1FA21C99-2070-43DE-8C84-510EA35301CE}
	EndGlobalSection
EndGlobal
